// !$*UTF8*$!
{
	archiveVersion = 1;
	classes = {
	};
	objectVersion = 55;
	objects = {

/* Begin PBXBuildFile section */
		8BCB6B8E28D4570C00127270 /* AppDelegate.swift in Sources */ = {isa = PBXBuildFile; fileRef = 8BCB6B8D28D4570C00127270 /* AppDelegate.swift */; };
		8BCB6B9028D4570C00127270 /* SceneDelegate.swift in Sources */ = {isa = PBXBuildFile; fileRef = 8BCB6B8F28D4570C00127270 /* SceneDelegate.swift */; };
		8BCB6B9828D4570C00127270 /* TestProjectTwo.xcdatamodeld in Sources */ = {isa = PBXBuildFile; fileRef = 8BCB6B9628D4570C00127270 /* TestProjectTwo.xcdatamodeld */; };
		8BCB6B9A28D4570E00127270 /* Assets.xcassets in Resources */ = {isa = PBXBuildFile; fileRef = 8BCB6B9928D4570E00127270 /* Assets.xcassets */; };
		8BCB6B9D28D4570E00127270 /* LaunchScreen.storyboard in Resources */ = {isa = PBXBuildFile; fileRef = 8BCB6B9B28D4570E00127270 /* LaunchScreen.storyboard */; };
		EB35DD08BF064A610B448E3A /* Pods_TestProjectTwo.framework in Frameworks */ = {isa = PBXBuildFile; fileRef = 06ADCDFDE2357BF09C5835DD /* Pods_TestProjectTwo.framework */; };
/* End PBXBuildFile section */

/* Begin PBXFileReference section */
		04C3C79BDCB9C276FC950279 /* Pods-TestProjectTwo.release.xcconfig */ = {isa = PBXFileReference; includeInIndex = 1; lastKnownFileType = text.xcconfig; name = "Pods-TestProjectTwo.release.xcconfig"; path = "Target Support Files/Pods-TestProjectTwo/Pods-TestProjectTwo.release.xcconfig"; sourceTree = "<group>"; };
		06ADCDFDE2357BF09C5835DD /* Pods_TestProjectTwo.framework */ = {isa = PBXFileReference; explicitFileType = wrapper.framework; includeInIndex = 0; path = Pods_TestProjectTwo.framework; sourceTree = BUILT_PRODUCTS_DIR; };
		8BCB6B8A28D4570C00127270 /* TestProjectTwo.app */ = {isa = PBXFileReference; explicitFileType = wrapper.application; includeInIndex = 0; path = TestProjectTwo.app; sourceTree = BUILT_PRODUCTS_DIR; };
		8BCB6B8D28D4570C00127270 /* AppDelegate.swift */ = {isa = PBXFileReference; lastKnownFileType = sourcecode.swift; path = AppDelegate.swift; sourceTree = "<group>"; };
		8BCB6B8F28D4570C00127270 /* SceneDelegate.swift */ = {isa = PBXFileReference; lastKnownFileType = sourcecode.swift; path = SceneDelegate.swift; sourceTree = "<group>"; };
		8BCB6B9728D4570C00127270 /* TestProjectTwo.xcdatamodel */ = {isa = PBXFileReference; lastKnownFileType = wrapper.xcdatamodel; path = TestProjectTwo.xcdatamodel; sourceTree = "<group>"; };
		8BCB6B9928D4570E00127270 /* Assets.xcassets */ = {isa = PBXFileReference; lastKnownFileType = folder.assetcatalog; path = Assets.xcassets; sourceTree = "<group>"; };
		8BCB6B9C28D4570E00127270 /* Base */ = {isa = PBXFileReference; lastKnownFileType = file.storyboard; name = Base; path = Base.lproj/LaunchScreen.storyboard; sourceTree = "<group>"; };
		8BCB6B9E28D4570E00127270 /* Info.plist */ = {isa = PBXFileReference; lastKnownFileType = text.plist.xml; path = Info.plist; sourceTree = "<group>"; };
		C80DFD3A0676EACD390C5926 /* Pods-TestProjectTwo.debug.xcconfig */ = {isa = PBXFileReference; includeInIndex = 1; lastKnownFileType = text.xcconfig; name = "Pods-TestProjectTwo.debug.xcconfig"; path = "Target Support Files/Pods-TestProjectTwo/Pods-TestProjectTwo.debug.xcconfig"; sourceTree = "<group>"; };
/* End PBXFileReference section */

/* Begin PBXFrameworksBuildPhase section */
		8BCB6B8728D4570C00127270 /* Frameworks */ = {
			isa = PBXFrameworksBuildPhase;
			buildActionMask = 2147483647;
			files = (
				EB35DD08BF064A610B448E3A /* Pods_TestProjectTwo.framework in Frameworks */,
			);
			runOnlyForDeploymentPostprocessing = 0;
		};
/* End PBXFrameworksBuildPhase section */

/* Begin PBXGroup section */
		8B70864C28D4576E00FDA74F /* CoreData */ = {
			isa = PBXGroup;
			children = (
				8BCB6B9628D4570C00127270 /* TestProjectTwo.xcdatamodeld */,
			);
			path = CoreData;
			sourceTree = "<group>";
		};
		8B70864D28D4577E00FDA74F /* UI */ = {
			isa = PBXGroup;
			children = (
				8BCB6B9928D4570E00127270 /* Assets.xcassets */,
			);
			path = UI;
			sourceTree = "<group>";
		};
		8BCB6B8128D4570C00127270 = {
			isa = PBXGroup;
			children = (
				8BCB6B8C28D4570C00127270 /* TestProjectTwo */,
				D6DD30EA44650CA0EC45081E /* Pods */,
				EAB43DE14C7D820268960928 /* Frameworks */,
			);
			sourceTree = "<group>";
		};
		8BCB6B8B28D4570C00127270 /* Products */ = {
			isa = PBXGroup;
			children = (
				8BCB6B8A28D4570C00127270 /* TestProjectTwo.app */,
			);
			name = Products;
			path = ..;
			sourceTree = "<group>";
		};
		8BCB6B8C28D4570C00127270 /* TestProjectTwo */ = {
			isa = PBXGroup;
			children = (
				8BCB6B8D28D4570C00127270 /* AppDelegate.swift */,
				8BCB6B8F28D4570C00127270 /* SceneDelegate.swift */,
				8B70864D28D4577E00FDA74F /* UI */,
				8BCB6B8B28D4570C00127270 /* Products */,
				8BCB6B9B28D4570E00127270 /* LaunchScreen.storyboard */,
				8BCB6B9E28D4570E00127270 /* Info.plist */,
				8B70864C28D4576E00FDA74F /* CoreData */,
			);
			path = TestProjectTwo;
			sourceTree = "<group>";
		};
		D6DD30EA44650CA0EC45081E /* Pods */ = {
			isa = PBXGroup;
			children = (
				C80DFD3A0676EACD390C5926 /* Pods-TestProjectTwo.debug.xcconfig */,
				04C3C79BDCB9C276FC950279 /* Pods-TestProjectTwo.release.xcconfig */,
			);
			path = Pods;
			sourceTree = "<group>";
		};
		EAB43DE14C7D820268960928 /* Frameworks */ = {
			isa = PBXGroup;
			children = (
				06ADCDFDE2357BF09C5835DD /* Pods_TestProjectTwo.framework */,
			);
			name = Frameworks;
			sourceTree = "<group>";
		};
/* End PBXGroup section */

/* Begin PBXNativeTarget section */
		8BCB6B8928D4570C00127270 /* TestProjectTwo */ = {
			isa = PBXNativeTarget;
			buildConfigurationList = 8BCB6BA128D4570E00127270 /* Build configuration list for PBXNativeTarget "TestProjectTwo" */;
			buildPhases = (
				C1C63064C6199CF5A4DD65F2 /* [CP] Check Pods Manifest.lock */,
				8BCB6B8628D4570C00127270 /* Sources */,
				8BCB6B8728D4570C00127270 /* Frameworks */,
				8BCB6B8828D4570C00127270 /* Resources */,
			);
			buildRules = (
			);
			dependencies = (
			);
			name = TestProjectTwo;
			productName = TestProjectTwo;
			productReference = 8BCB6B8A28D4570C00127270 /* TestProjectTwo.app */;
			productType = "com.apple.product-type.application";
		};
/* End PBXNativeTarget section */

/* Begin PBXProject section */
		8BCB6B8228D4570C00127270 /* Project object */ = {
			isa = PBXProject;
			attributes = {
				BuildIndependentTargetsInParallel = 1;
				LastSwiftUpdateCheck = 1340;
				LastUpgradeCheck = 1340;
				TargetAttributes = {
					8BCB6B8928D4570C00127270 = {
						CreatedOnToolsVersion = 13.4.1;
					};
				};
			};
			buildConfigurationList = 8BCB6B8528D4570C00127270 /* Build configuration list for PBXProject "TestProjectTwo" */;
			compatibilityVersion = "Xcode 13.0";
			developmentRegion = en;
			hasScannedForEncodings = 0;
			knownRegions = (
				en,
				Base,
			);
			mainGroup = 8BCB6B8128D4570C00127270;
			productRefGroup = 8BCB6B8B28D4570C00127270 /* Products */;
			projectDirPath = "";
			projectRoot = "";
			targets = (
				8BCB6B8928D4570C00127270 /* TestProjectTwo */,
			);
		};
/* End PBXProject section */

/* Begin PBXResourcesBuildPhase section */
		8BCB6B8828D4570C00127270 /* Resources */ = {
			isa = PBXResourcesBuildPhase;
			buildActionMask = 2147483647;
			files = (
				8BCB6B9D28D4570E00127270 /* LaunchScreen.storyboard in Resources */,
				8BCB6B9A28D4570E00127270 /* Assets.xcassets in Resources */,
			);
			runOnlyForDeploymentPostprocessing = 0;
		};
/* End PBXResourcesBuildPhase section */

/* Begin PBXShellScriptBuildPhase section */
		C1C63064C6199CF5A4DD65F2 /* [CP] Check Pods Manifest.lock */ = {
			isa = PBXShellScriptBuildPhase;
			buildActionMask = 2147483647;
			files = (
			);
			inputFileListPaths = (
			);
			inputPaths = (
				"${PODS_PODFILE_DIR_PATH}/Podfile.lock",
				"${PODS_ROOT}/Manifest.lock",
			);
			name = "[CP] Check Pods Manifest.lock";
			outputFileListPaths = (
			);
			outputPaths = (
				"$(DERIVED_FILE_DIR)/Pods-TestProjectTwo-checkManifestLockResult.txt",
			);
			runOnlyForDeploymentPostprocessing = 0;
			shellPath = /bin/sh;
			shellScript = "diff \"${PODS_PODFILE_DIR_PATH}/Podfile.lock\" \"${PODS_ROOT}/Manifest.lock\" > /dev/null\nif [ $? != 0 ] ; then\n    # print error to STDERR\n    echo \"error: The sandbox is not in sync with the Podfile.lock. Run 'pod install' or update your CocoaPods installation.\" >&2\n    exit 1\nfi\n# This output is used by Xcode 'outputs' to avoid re-running this script phase.\necho \"SUCCESS\" > \"${SCRIPT_OUTPUT_FILE_0}\"\n";
			showEnvVarsInLog = 0;
		};
/* End PBXShellScriptBuildPhase section */

/* Begin PBXSourcesBuildPhase section */
		8BCB6B8628D4570C00127270 /* Sources */ = {
			isa = PBXSourcesBuildPhase;
			buildActionMask = 2147483647;
			files = (
				8BCB6B9828D4570C00127270 /* TestProjectTwo.xcdatamodeld in Sources */,
				8BCB6B8E28D4570C00127270 /* AppDelegate.swift in Sources */,
				8BCB6B9028D4570C00127270 /* SceneDelegate.swift in Sources */,
			);
			runOnlyForDeploymentPostprocessing = 0;
		};
/* End PBXSourcesBuildPhase section */

/* Begin PBXVariantGroup section */
		8BCB6B9B28D4570E00127270 /* LaunchScreen.storyboard */ = {
			isa = PBXVariantGroup;
			children = (
				8BCB6B9C28D4570E00127270 /* Base */,
			);
			name = LaunchScreen.storyboard;
			sourceTree = "<group>";
		};
/* End PBXVariantGroup section */

/* Begin XCBuildConfiguration section */
		8BCB6B9F28D4570E00127270 /* Debug */ = {
			isa = XCBuildConfiguration;
			buildSettings = {
				ALWAYS_SEARCH_USER_PATHS = NO;
				CLANG_ANALYZER_NONNULL = YES;
				CLANG_ANALYZER_NUMBER_OBJECT_CONVERSION = YES_AGGRESSIVE;
				CLANG_CXX_LANGUAGE_STANDARD = "gnu++17";
				CLANG_ENABLE_MODULES = YES;
				CLANG_ENABLE_OBJC_ARC = YES;
				CLANG_ENABLE_OBJC_WEAK = YES;
				CLANG_WARN_BLOCK_CAPTURE_AUTORELEASING = YES;
				CLANG_WARN_BOOL_CONVERSION = YES;
				CLANG_WARN_COMMA = YES;
				CLANG_WARN_CONSTANT_CONVERSION = YES;
				CLANG_WARN_DEPRECATED_OBJC_IMPLEMENTATIONS = YES;
				CLANG_WARN_DIRECT_OBJC_ISA_USAGE = YES_ERROR;
				CLANG_WARN_DOCUMENTATION_COMMENTS = YES;
				CLANG_WARN_EMPTY_BODY = YES;
				CLANG_WARN_ENUM_CONVERSION = YES;
				CLANG_WARN_INFINITE_RECURSION = YES;
				CLANG_WARN_INT_CONVERSION = YES;
				CLANG_WARN_NON_LITERAL_NULL_CONVERSION = YES;
				CLANG_WARN_OBJC_IMPLICIT_RETAIN_SELF = YES;
				CLANG_WARN_OBJC_LITERAL_CONVERSION = YES;
				CLANG_WARN_OBJC_ROOT_CLASS = YES_ERROR;
				CLANG_WARN_QUOTED_INCLUDE_IN_FRAMEWORK_HEADER = YES;
				CLANG_WARN_RANGE_LOOP_ANALYSIS = YES;
				CLANG_WARN_STRICT_PROTOTYPES = YES;
				CLANG_WARN_SUSPICIOUS_MOVE = YES;
				CLANG_WARN_UNGUARDED_AVAILABILITY = YES_AGGRESSIVE;
				CLANG_WARN_UNREACHABLE_CODE = YES;
				CLANG_WARN__DUPLICATE_METHOD_MATCH = YES;
				COPY_PHASE_STRIP = NO;
				DEBUG_INFORMATION_FORMAT = dwarf;
				ENABLE_STRICT_OBJC_MSGSEND = YES;
				ENABLE_TESTABILITY = YES;
				GCC_C_LANGUAGE_STANDARD = gnu11;
				GCC_DYNAMIC_NO_PIC = NO;
				GCC_NO_COMMON_BLOCKS = YES;
				GCC_OPTIMIZATION_LEVEL = 0;
				GCC_PREPROCESSOR_DEFINITIONS = (
					"DEBUG=1",
					"$(inherited)",
				);
				GCC_WARN_64_TO_32_BIT_CONVERSION = YES;
				GCC_WARN_ABOUT_RETURN_TYPE = YES_ERROR;
				GCC_WARN_UNDECLARED_SELECTOR = YES;
				GCC_WARN_UNINITIALIZED_AUTOS = YES_AGGRESSIVE;
				GCC_WARN_UNUSED_FUNCTION = YES;
				GCC_WARN_UNUSED_VARIABLE = YES;
				IPHONEOS_DEPLOYMENT_TARGET = 15.5;
				MTL_ENABLE_DEBUG_INFO = INCLUDE_SOURCE;
				MTL_FAST_MATH = YES;
				ONLY_ACTIVE_ARCH = YES;
				SDKROOT = iphoneos;
				SWIFT_ACTIVE_COMPILATION_CONDITIONS = DEBUG;
				SWIFT_OPTIMIZATION_LEVEL = "-Onone";
			};
			name = Debug;
		};
		8BCB6BA028D4570E00127270 /* Release */ = {
			isa = XCBuildConfiguration;
			buildSettings = {
				ALWAYS_SEARCH_USER_PATHS = NO;
				CLANG_ANALYZER_NONNULL = YES;
				CLANG_ANALYZER_NUMBER_OBJECT_CONVERSION = YES_AGGRESSIVE;
				CLANG_CXX_LANGUAGE_STANDARD = "gnu++17";
				CLANG_ENABLE_MODULES = YES;
				CLANG_ENABLE_OBJC_ARC = YES;
				CLANG_ENABLE_OBJC_WEAK = YES;
				CLANG_WARN_BLOCK_CAPTURE_AUTORELEASING = YES;
				CLANG_WARN_BOOL_CONVERSION = YES;
				CLANG_WARN_COMMA = YES;
				CLANG_WARN_CONSTANT_CONVERSION = YES;
				CLANG_WARN_DEPRECATED_OBJC_IMPLEMENTATIONS = YES;
				CLANG_WARN_DIRECT_OBJC_ISA_USAGE = YES_ERROR;
				CLANG_WARN_DOCUMENTATION_COMMENTS = YES;
				CLANG_WARN_EMPTY_BODY = YES;
				CLANG_WARN_ENUM_CONVERSION = YES;
				CLANG_WARN_INFINITE_RECURSION = YES;
				CLANG_WARN_INT_CONVERSION = YES;
				CLANG_WARN_NON_LITERAL_NULL_CONVERSION = YES;
				CLANG_WARN_OBJC_IMPLICIT_RETAIN_SELF = YES;
				CLANG_WARN_OBJC_LITERAL_CONVERSION = YES;
				CLANG_WARN_OBJC_ROOT_CLASS = YES_ERROR;
				CLANG_WARN_QUOTED_INCLUDE_IN_FRAMEWORK_HEADER = YES;
				CLANG_WARN_RANGE_LOOP_ANALYSIS = YES;
				CLANG_WARN_STRICT_PROTOTYPES = YES;
				CLANG_WARN_SUSPICIOUS_MOVE = YES;
				CLANG_WARN_UNGUARDED_AVAILABILITY = YES_AGGRESSIVE;
				CLANG_WARN_UNREACHABLE_CODE = YES;
				CLANG_WARN__DUPLICATE_METHOD_MATCH = YES;
				COPY_PHASE_STRIP = NO;
				DEBUG_INFORMATION_FORMAT = "dwarf-with-dsym";
				ENABLE_NS_ASSERTIONS = NO;
				ENABLE_STRICT_OBJC_MSGSEND = YES;
				GCC_C_LANGUAGE_STANDARD = gnu11;
				GCC_NO_COMMON_BLOCKS = YES;
				GCC_WARN_64_TO_32_BIT_CONVERSION = YES;
				GCC_WARN_ABOUT_RETURN_TYPE = YES_ERROR;
				GCC_WARN_UNDECLARED_SELECTOR = YES;
				GCC_WARN_UNINITIALIZED_AUTOS = YES_AGGRESSIVE;
				GCC_WARN_UNUSED_FUNCTION = YES;
				GCC_WARN_UNUSED_VARIABLE = YES;
				IPHONEOS_DEPLOYMENT_TARGET = 15.5;
				MTL_ENABLE_DEBUG_INFO = NO;
				MTL_FAST_MATH = YES;
				SDKROOT = iphoneos;
				SWIFT_COMPILATION_MODE = wholemodule;
				SWIFT_OPTIMIZATION_LEVEL = "-O";
				VALIDATE_PRODUCT = YES;
			};
			name = Release;
		};
		8BCB6BA228D4570E00127270 /* Debug */ = {
			isa = XCBuildConfiguration;
			baseConfigurationReference = C80DFD3A0676EACD390C5926 /* Pods-TestProjectTwo.debug.xcconfig */;
			buildSettings = {
				ASSETCATALOG_COMPILER_APPICON_NAME = AppIcon;
				ASSETCATALOG_COMPILER_GLOBAL_ACCENT_COLOR_NAME = AccentColor;
				CODE_SIGN_STYLE = Automatic;
				CURRENT_PROJECT_VERSION = 1;
				GENERATE_INFOPLIST_FILE = YES;
				INFOPLIST_FILE = TestProjectTwo/Info.plist;
				INFOPLIST_KEY_UIApplicationSupportsIndirectInputEvents = YES;
				INFOPLIST_KEY_UILaunchStoryboardName = LaunchScreen;
				INFOPLIST_KEY_UIMainStoryboardFile = Main;
				INFOPLIST_KEY_UISupportedInterfaceOrientations_iPad = "UIInterfaceOrientationPortrait UIInterfaceOrientationPortraitUpsideDown UIInterfaceOrientationLandscapeLeft UIInterfaceOrientationLandscapeRight";
				INFOPLIST_KEY_UISupportedInterfaceOrientations_iPhone = "UIInterfaceOrientationPortrait UIInterfaceOrientationLandscapeLeft UIInterfaceOrientationLandscapeRight";
				LD_RUNPATH_SEARCH_PATHS = (
					"$(inherited)",
					"@executable_path/Frameworks",
				);
				MARKETING_VERSION = 1.0;
				PRODUCT_BUNDLE_IDENTIFIER = test.TestProjectTwo;
				PRODUCT_NAME = "$(TARGET_NAME)";
				SWIFT_EMIT_LOC_STRINGS = YES;
				SWIFT_VERSION = 5.0;
				TARGETED_DEVICE_FAMILY = "1,2";
			};
			name = Debug;
		};
		8BCB6BA328D4570E00127270 /* Release */ = {
			isa = XCBuildConfiguration;
			baseConfigurationReference = 04C3C79BDCB9C276FC950279 /* Pods-TestProjectTwo.release.xcconfig */;
			buildSettings = {
				ASSETCATALOG_COMPILER_APPICON_NAME = AppIcon;
				ASSETCATALOG_COMPILER_GLOBAL_ACCENT_COLOR_NAME = AccentColor;
				CODE_SIGN_STYLE = Automatic;
				CURRENT_PROJECT_VERSION = 1;
				GENERATE_INFOPLIST_FILE = YES;
				INFOPLIST_FILE = TestProjectTwo/Info.plist;
				INFOPLIST_KEY_UIApplicationSupportsIndirectInputEvents = YES;
				INFOPLIST_KEY_UILaunchStoryboardName = LaunchScreen;
				INFOPLIST_KEY_UIMainStoryboardFile = Main;
				INFOPLIST_KEY_UISupportedInterfaceOrientations_iPad = "UIInterfaceOrientationPortrait UIInterfaceOrientationPortraitUpsideDown UIInterfaceOrientationLandscapeLeft UIInterfaceOrientationLandscapeRight";
				INFOPLIST_KEY_UISupportedInterfaceOrientations_iPhone = "UIInterfaceOrientationPortrait UIInterfaceOrientationLandscapeLeft UIInterfaceOrientationLandscapeRight";
				LD_RUNPATH_SEARCH_PATHS = (
					"$(inherited)",
					"@executable_path/Frameworks",
				);
				MARKETING_VERSION = 1.0;
				PRODUCT_BUNDLE_IDENTIFIER = test.TestProjectTwo;
				PRODUCT_NAME = "$(TARGET_NAME)";
				SWIFT_EMIT_LOC_STRINGS = YES;
				SWIFT_VERSION = 5.0;
				TARGETED_DEVICE_FAMILY = "1,2";
			};
			name = Release;
		};
/* End XCBuildConfiguration section */

/* Begin XCConfigurationList section */
		8BCB6B8528D4570C00127270 /* Build configuration list for PBXProject "TestProjectTwo" */ = {
			isa = XCConfigurationList;
			buildConfigurations = (
				8BCB6B9F28D4570E00127270 /* Debug */,
				8BCB6BA028D4570E00127270 /* Release */,
			);
			defaultConfigurationIsVisible = 0;
			defaultConfigurationName = Release;
		};
		8BCB6BA128D4570E00127270 /* Build configuration list for PBXNativeTarget "TestProjectTwo" */ = {
			isa = XCConfigurationList;
			buildConfigurations = (
				8BCB6BA228D4570E00127270 /* Debug */,
				8BCB6BA328D4570E00127270 /* Release */,
			);
			defaultConfigurationIsVisible = 0;
			defaultConfigurationName = Release;
		};
/* End XCConfigurationList section */

/* Begin XCVersionGroup section */
		8BCB6B9628D4570C00127270 /* TestProjectTwo.xcdatamodeld */ = {
			isa = XCVersionGroup;
			children = (
				8BCB6B9728D4570C00127270 /* TestProjectTwo.xcdatamodel */,
			);
			currentVersion = 8BCB6B9728D4570C00127270 /* TestProjectTwo.xcdatamodel */;
			path = TestProjectTwo.xcdatamodeld;
			sourceTree = "<group>";
			versionGroupType = wrapper.xcdatamodel;
		};
/* End XCVersionGroup section */
	};
	rootObject = 8BCB6B8228D4570C00127270 /* Project object */;
}
