// !$*UTF8*$!
{
	archiveVersion = 1;
	classes = {
	};
	objectVersion = 55;
	objects = {

/* Begin PBXBuildFile section */
		8B0BB70728DC4CDC009D936E /* DeteilMostPopularFactory.swift in Sources */ = {isa = PBXBuildFile; fileRef = 8B0BB70628DC4CDC009D936E /* DeteilMostPopularFactory.swift */; };
		8B0BB70928DC4CF9009D936E /* DeteilMostPopularViewModel.swift in Sources */ = {isa = PBXBuildFile; fileRef = 8B0BB70828DC4CF9009D936E /* DeteilMostPopularViewModel.swift */; };
		8B0BB70B28DC4D12009D936E /* DeteilMostPopularAssembly.swift in Sources */ = {isa = PBXBuildFile; fileRef = 8B0BB70A28DC4D11009D936E /* DeteilMostPopularAssembly.swift */; };
		8B0BB70D28DC4D24009D936E /* DeteilMostPopularPresenter.swift in Sources */ = {isa = PBXBuildFile; fileRef = 8B0BB70C28DC4D24009D936E /* DeteilMostPopularPresenter.swift */; };
		8B0BB70F28DC4D3A009D936E /* DeteilMostPopularRouter.swift in Sources */ = {isa = PBXBuildFile; fileRef = 8B0BB70E28DC4D3A009D936E /* DeteilMostPopularRouter.swift */; };
		8B0BB71128DC4D4E009D936E /* DeteilMostPopularViewController.swift in Sources */ = {isa = PBXBuildFile; fileRef = 8B0BB71028DC4D4E009D936E /* DeteilMostPopularViewController.swift */; };
		8B4B745128D99707002B1C49 /* ArticlesTableViewCell.swift in Sources */ = {isa = PBXBuildFile; fileRef = 8B4B745028D99707002B1C49 /* ArticlesTableViewCell.swift */; };
		8B4B745428D9A5B2002B1C49 /* AlertError.swift in Sources */ = {isa = PBXBuildFile; fileRef = 8B4B745328D9A5B2002B1C49 /* AlertError.swift */; };
		8B5C2A0C28D8687300F01BEE /* UIButton+Action.swift in Sources */ = {isa = PBXBuildFile; fileRef = 8B5C2A0B28D8687300F01BEE /* UIButton+Action.swift */; };
		8B70865128D4668F00FDA74F /* StartViewModelFactory.swift in Sources */ = {isa = PBXBuildFile; fileRef = 8B70865028D4668F00FDA74F /* StartViewModelFactory.swift */; };
		8B70865728D4671400FDA74F /* StartViewModel.swift in Sources */ = {isa = PBXBuildFile; fileRef = 8B70865628D4671400FDA74F /* StartViewModel.swift */; };
		8B70865B28D4674500FDA74F /* StartAssembly.swift in Sources */ = {isa = PBXBuildFile; fileRef = 8B70865A28D4674500FDA74F /* StartAssembly.swift */; };
		8B70865D28D4675100FDA74F /* StartPresenter.swift in Sources */ = {isa = PBXBuildFile; fileRef = 8B70865C28D4675100FDA74F /* StartPresenter.swift */; };
		8B70865F28D4675F00FDA74F /* StartRouter.swift in Sources */ = {isa = PBXBuildFile; fileRef = 8B70865E28D4675F00FDA74F /* StartRouter.swift */; };
		8B70866128D4676D00FDA74F /* StartViewController.swift in Sources */ = {isa = PBXBuildFile; fileRef = 8B70866028D4676D00FDA74F /* StartViewController.swift */; };
		8B70866528D46BD000FDA74F /* UIButton+Setup.swift in Sources */ = {isa = PBXBuildFile; fileRef = 8B70866428D46BD000FDA74F /* UIButton+Setup.swift */; };
		8B7EF37228D8A0AD007D558C /* MostPopularViewController.swift in Sources */ = {isa = PBXBuildFile; fileRef = 8B7EF37128D8A0AD007D558C /* MostPopularViewController.swift */; };
		8B7EF37428D8A3FA007D558C /* MostPopularAssembly.swift in Sources */ = {isa = PBXBuildFile; fileRef = 8B7EF37328D8A3FA007D558C /* MostPopularAssembly.swift */; };
		8B7EF37928D8AB9C007D558C /* FavoritesViewModelFactory.swift in Sources */ = {isa = PBXBuildFile; fileRef = 8B7EF37828D8AB9C007D558C /* FavoritesViewModelFactory.swift */; };
		8B7EF37B28D8ABB2007D558C /* FavoritesViewModel.swift in Sources */ = {isa = PBXBuildFile; fileRef = 8B7EF37A28D8ABB2007D558C /* FavoritesViewModel.swift */; };
		8B7EF37D28D8ABD5007D558C /* FavoritesAssembly.swift in Sources */ = {isa = PBXBuildFile; fileRef = 8B7EF37C28D8ABD5007D558C /* FavoritesAssembly.swift */; };
		8B7EF37F28D8ABE8007D558C /* FavoritesPresenter.swift in Sources */ = {isa = PBXBuildFile; fileRef = 8B7EF37E28D8ABE8007D558C /* FavoritesPresenter.swift */; };
		8B7EF38128D8AC25007D558C /* FavoritesRouter.swift in Sources */ = {isa = PBXBuildFile; fileRef = 8B7EF38028D8AC25007D558C /* FavoritesRouter.swift */; };
		8B7EF38328D8AC36007D558C /* FavoritesViewController.swift in Sources */ = {isa = PBXBuildFile; fileRef = 8B7EF38228D8AC36007D558C /* FavoritesViewController.swift */; };
		8B7EF38728D8B01B007D558C /* MostPopularViewModelFactory.swift in Sources */ = {isa = PBXBuildFile; fileRef = 8B7EF38628D8B01B007D558C /* MostPopularViewModelFactory.swift */; };
		8B7EF38928D8B033007D558C /* MostPopularViewModel.swift in Sources */ = {isa = PBXBuildFile; fileRef = 8B7EF38828D8B033007D558C /* MostPopularViewModel.swift */; };
		8B7EF38B28D8B059007D558C /* MostPopularPresenter.swift in Sources */ = {isa = PBXBuildFile; fileRef = 8B7EF38A28D8B059007D558C /* MostPopularPresenter.swift */; };
		8B7EF38D28D8B082007D558C /* MostPopularRouter.swift in Sources */ = {isa = PBXBuildFile; fileRef = 8B7EF38C28D8B082007D558C /* MostPopularRouter.swift */; };
		8B7EF39128D8B189007D558C /* ArticlesModel.swift in Sources */ = {isa = PBXBuildFile; fileRef = 8B7EF39028D8B189007D558C /* ArticlesModel.swift */; };
		8B7EF39328D8B1E0007D558C /* NetworkRequest.swift in Sources */ = {isa = PBXBuildFile; fileRef = 8B7EF39228D8B1E0007D558C /* NetworkRequest.swift */; };
		8B7EF39528D8B20D007D558C /* NetworkDataFetch.swift in Sources */ = {isa = PBXBuildFile; fileRef = 8B7EF39428D8B20D007D558C /* NetworkDataFetch.swift */; };
		8B99D13628DAF30500D03C52 /* FavoritesTableViewCell.swift in Sources */ = {isa = PBXBuildFile; fileRef = 8B99D13528DAF30500D03C52 /* FavoritesTableViewCell.swift */; };
		8B99D13828DB16BF00D03C52 /* WorkCoreDate.swift in Sources */ = {isa = PBXBuildFile; fileRef = 8B99D13728DB16BF00D03C52 /* WorkCoreDate.swift */; };
		8B99D13C28DB53F000D03C52 /* TabBarViewControllersResolver.swift in Sources */ = {isa = PBXBuildFile; fileRef = 8B99D13B28DB53F000D03C52 /* TabBarViewControllersResolver.swift */; };
		8B99D14028DB544200D03C52 /* TabBarViewModelFactory.swift in Sources */ = {isa = PBXBuildFile; fileRef = 8B99D13F28DB544200D03C52 /* TabBarViewModelFactory.swift */; };
		8B99D14228DB549700D03C52 /* TabBarViewModel.swift in Sources */ = {isa = PBXBuildFile; fileRef = 8B99D14128DB549700D03C52 /* TabBarViewModel.swift */; };
		8B99D14428DB54B100D03C52 /* TabBarAssembly.swift in Sources */ = {isa = PBXBuildFile; fileRef = 8B99D14328DB54B100D03C52 /* TabBarAssembly.swift */; };
		8B99D14628DB54C100D03C52 /* TabBarController.swift in Sources */ = {isa = PBXBuildFile; fileRef = 8B99D14528DB54C100D03C52 /* TabBarController.swift */; };
		8B99D14828DB54D300D03C52 /* TabBarPresenter.swift in Sources */ = {isa = PBXBuildFile; fileRef = 8B99D14728DB54D300D03C52 /* TabBarPresenter.swift */; };
		8B99D14A28DB54E100D03C52 /* TabBarRouter.swift in Sources */ = {isa = PBXBuildFile; fileRef = 8B99D14928DB54E100D03C52 /* TabBarRouter.swift */; };
		8B99D14E28DC356A00D03C52 /* FlowCoordinator.swift in Sources */ = {isa = PBXBuildFile; fileRef = 8B99D14D28DC356A00D03C52 /* FlowCoordinator.swift */; };
		8BCB6B8E28D4570C00127270 /* AppDelegate.swift in Sources */ = {isa = PBXBuildFile; fileRef = 8BCB6B8D28D4570C00127270 /* AppDelegate.swift */; };
		8BCB6B9028D4570C00127270 /* SceneDelegate.swift in Sources */ = {isa = PBXBuildFile; fileRef = 8BCB6B8F28D4570C00127270 /* SceneDelegate.swift */; };
		8BCB6B9828D4570C00127270 /* TestProjectTwo.xcdatamodeld in Sources */ = {isa = PBXBuildFile; fileRef = 8BCB6B9628D4570C00127270 /* TestProjectTwo.xcdatamodeld */; };
		8BCB6B9A28D4570E00127270 /* Assets.xcassets in Resources */ = {isa = PBXBuildFile; fileRef = 8BCB6B9928D4570E00127270 /* Assets.xcassets */; };
		8BCB6B9D28D4570E00127270 /* LaunchScreen.storyboard in Resources */ = {isa = PBXBuildFile; fileRef = 8BCB6B9B28D4570E00127270 /* LaunchScreen.storyboard */; };
		8BFF255828DDB22400AD5CE3 /* DeteiFavoritesFactory.swift in Sources */ = {isa = PBXBuildFile; fileRef = 8BFF255728DDB22400AD5CE3 /* DeteiFavoritesFactory.swift */; };
		8BFF255B28DDB25600AD5CE3 /* DeteilFavoritesViewModel.swift in Sources */ = {isa = PBXBuildFile; fileRef = 8BFF255A28DDB25600AD5CE3 /* DeteilFavoritesViewModel.swift */; };
		8BFF255D28DDB27E00AD5CE3 /* DeteilFavoritesAssembly.swift in Sources */ = {isa = PBXBuildFile; fileRef = 8BFF255C28DDB27E00AD5CE3 /* DeteilFavoritesAssembly.swift */; };
		8BFF255F28DDB2A400AD5CE3 /* DeteilFavoritesPresenter.swift in Sources */ = {isa = PBXBuildFile; fileRef = 8BFF255E28DDB2A400AD5CE3 /* DeteilFavoritesPresenter.swift */; };
		8BFF256128DDB2CB00AD5CE3 /* DeteilFavoritesRouter.swift in Sources */ = {isa = PBXBuildFile; fileRef = 8BFF256028DDB2CB00AD5CE3 /* DeteilFavoritesRouter.swift */; };
		8BFF256328DDB2EA00AD5CE3 /* DeteilFavoritesViewController.swift in Sources */ = {isa = PBXBuildFile; fileRef = 8BFF256228DDB2EA00AD5CE3 /* DeteilFavoritesViewController.swift */; };
		EB35DD08BF064A610B448E3A /* Pods_TestProjectTwo.framework in Frameworks */ = {isa = PBXBuildFile; fileRef = 06ADCDFDE2357BF09C5835DD /* Pods_TestProjectTwo.framework */; };
/* End PBXBuildFile section */

/* Begin PBXFileReference section */
		04C3C79BDCB9C276FC950279 /* Pods-TestProjectTwo.release.xcconfig */ = {isa = PBXFileReference; includeInIndex = 1; lastKnownFileType = text.xcconfig; name = "Pods-TestProjectTwo.release.xcconfig"; path = "Target Support Files/Pods-TestProjectTwo/Pods-TestProjectTwo.release.xcconfig"; sourceTree = "<group>"; };
		06ADCDFDE2357BF09C5835DD /* Pods_TestProjectTwo.framework */ = {isa = PBXFileReference; explicitFileType = wrapper.framework; includeInIndex = 0; path = Pods_TestProjectTwo.framework; sourceTree = BUILT_PRODUCTS_DIR; };
		8B0BB70628DC4CDC009D936E /* DeteilMostPopularFactory.swift */ = {isa = PBXFileReference; lastKnownFileType = sourcecode.swift; path = DeteilMostPopularFactory.swift; sourceTree = "<group>"; };
		8B0BB70828DC4CF9009D936E /* DeteilMostPopularViewModel.swift */ = {isa = PBXFileReference; lastKnownFileType = sourcecode.swift; path = DeteilMostPopularViewModel.swift; sourceTree = "<group>"; };
		8B0BB70A28DC4D11009D936E /* DeteilMostPopularAssembly.swift */ = {isa = PBXFileReference; lastKnownFileType = sourcecode.swift; path = DeteilMostPopularAssembly.swift; sourceTree = "<group>"; };
		8B0BB70C28DC4D24009D936E /* DeteilMostPopularPresenter.swift */ = {isa = PBXFileReference; lastKnownFileType = sourcecode.swift; path = DeteilMostPopularPresenter.swift; sourceTree = "<group>"; };
		8B0BB70E28DC4D3A009D936E /* DeteilMostPopularRouter.swift */ = {isa = PBXFileReference; lastKnownFileType = sourcecode.swift; path = DeteilMostPopularRouter.swift; sourceTree = "<group>"; };
		8B0BB71028DC4D4E009D936E /* DeteilMostPopularViewController.swift */ = {isa = PBXFileReference; lastKnownFileType = sourcecode.swift; path = DeteilMostPopularViewController.swift; sourceTree = "<group>"; };
		8B4B745028D99707002B1C49 /* ArticlesTableViewCell.swift */ = {isa = PBXFileReference; lastKnownFileType = sourcecode.swift; path = ArticlesTableViewCell.swift; sourceTree = "<group>"; };
		8B4B745328D9A5B2002B1C49 /* AlertError.swift */ = {isa = PBXFileReference; lastKnownFileType = sourcecode.swift; path = AlertError.swift; sourceTree = "<group>"; };
		8B5C2A0B28D8687300F01BEE /* UIButton+Action.swift */ = {isa = PBXFileReference; lastKnownFileType = sourcecode.swift; path = "UIButton+Action.swift"; sourceTree = "<group>"; };
		8B70865028D4668F00FDA74F /* StartViewModelFactory.swift */ = {isa = PBXFileReference; lastKnownFileType = sourcecode.swift; path = StartViewModelFactory.swift; sourceTree = "<group>"; };
		8B70865628D4671400FDA74F /* StartViewModel.swift */ = {isa = PBXFileReference; lastKnownFileType = sourcecode.swift; path = StartViewModel.swift; sourceTree = "<group>"; };
		8B70865A28D4674500FDA74F /* StartAssembly.swift */ = {isa = PBXFileReference; lastKnownFileType = sourcecode.swift; path = StartAssembly.swift; sourceTree = "<group>"; };
		8B70865C28D4675100FDA74F /* StartPresenter.swift */ = {isa = PBXFileReference; lastKnownFileType = sourcecode.swift; path = StartPresenter.swift; sourceTree = "<group>"; };
		8B70865E28D4675F00FDA74F /* StartRouter.swift */ = {isa = PBXFileReference; lastKnownFileType = sourcecode.swift; path = StartRouter.swift; sourceTree = "<group>"; };
		8B70866028D4676D00FDA74F /* StartViewController.swift */ = {isa = PBXFileReference; lastKnownFileType = sourcecode.swift; path = StartViewController.swift; sourceTree = "<group>"; };
		8B70866428D46BD000FDA74F /* UIButton+Setup.swift */ = {isa = PBXFileReference; lastKnownFileType = sourcecode.swift; path = "UIButton+Setup.swift"; sourceTree = "<group>"; };
		8B7EF37128D8A0AD007D558C /* MostPopularViewController.swift */ = {isa = PBXFileReference; lastKnownFileType = sourcecode.swift; path = MostPopularViewController.swift; sourceTree = "<group>"; };
		8B7EF37328D8A3FA007D558C /* MostPopularAssembly.swift */ = {isa = PBXFileReference; lastKnownFileType = sourcecode.swift; path = MostPopularAssembly.swift; sourceTree = "<group>"; };
		8B7EF37828D8AB9C007D558C /* FavoritesViewModelFactory.swift */ = {isa = PBXFileReference; lastKnownFileType = sourcecode.swift; path = FavoritesViewModelFactory.swift; sourceTree = "<group>"; };
		8B7EF37A28D8ABB2007D558C /* FavoritesViewModel.swift */ = {isa = PBXFileReference; lastKnownFileType = sourcecode.swift; path = FavoritesViewModel.swift; sourceTree = "<group>"; };
		8B7EF37C28D8ABD5007D558C /* FavoritesAssembly.swift */ = {isa = PBXFileReference; lastKnownFileType = sourcecode.swift; path = FavoritesAssembly.swift; sourceTree = "<group>"; };
		8B7EF37E28D8ABE8007D558C /* FavoritesPresenter.swift */ = {isa = PBXFileReference; lastKnownFileType = sourcecode.swift; path = FavoritesPresenter.swift; sourceTree = "<group>"; };
		8B7EF38028D8AC25007D558C /* FavoritesRouter.swift */ = {isa = PBXFileReference; lastKnownFileType = sourcecode.swift; path = FavoritesRouter.swift; sourceTree = "<group>"; };
		8B7EF38228D8AC36007D558C /* FavoritesViewController.swift */ = {isa = PBXFileReference; lastKnownFileType = sourcecode.swift; path = FavoritesViewController.swift; sourceTree = "<group>"; };
		8B7EF38628D8B01B007D558C /* MostPopularViewModelFactory.swift */ = {isa = PBXFileReference; lastKnownFileType = sourcecode.swift; path = MostPopularViewModelFactory.swift; sourceTree = "<group>"; };
		8B7EF38828D8B033007D558C /* MostPopularViewModel.swift */ = {isa = PBXFileReference; lastKnownFileType = sourcecode.swift; path = MostPopularViewModel.swift; sourceTree = "<group>"; };
		8B7EF38A28D8B059007D558C /* MostPopularPresenter.swift */ = {isa = PBXFileReference; lastKnownFileType = sourcecode.swift; path = MostPopularPresenter.swift; sourceTree = "<group>"; };
		8B7EF38C28D8B082007D558C /* MostPopularRouter.swift */ = {isa = PBXFileReference; lastKnownFileType = sourcecode.swift; path = MostPopularRouter.swift; sourceTree = "<group>"; };
		8B7EF39028D8B189007D558C /* ArticlesModel.swift */ = {isa = PBXFileReference; lastKnownFileType = sourcecode.swift; path = ArticlesModel.swift; sourceTree = "<group>"; };
		8B7EF39228D8B1E0007D558C /* NetworkRequest.swift */ = {isa = PBXFileReference; lastKnownFileType = sourcecode.swift; path = NetworkRequest.swift; sourceTree = "<group>"; };
		8B7EF39428D8B20D007D558C /* NetworkDataFetch.swift */ = {isa = PBXFileReference; lastKnownFileType = sourcecode.swift; path = NetworkDataFetch.swift; sourceTree = "<group>"; };
		8B99D13528DAF30500D03C52 /* FavoritesTableViewCell.swift */ = {isa = PBXFileReference; lastKnownFileType = sourcecode.swift; path = FavoritesTableViewCell.swift; sourceTree = "<group>"; };
		8B99D13728DB16BF00D03C52 /* WorkCoreDate.swift */ = {isa = PBXFileReference; lastKnownFileType = sourcecode.swift; path = WorkCoreDate.swift; sourceTree = "<group>"; };
		8B99D13B28DB53F000D03C52 /* TabBarViewControllersResolver.swift */ = {isa = PBXFileReference; lastKnownFileType = sourcecode.swift; path = TabBarViewControllersResolver.swift; sourceTree = "<group>"; };
		8B99D13F28DB544200D03C52 /* TabBarViewModelFactory.swift */ = {isa = PBXFileReference; lastKnownFileType = sourcecode.swift; path = TabBarViewModelFactory.swift; sourceTree = "<group>"; };
		8B99D14128DB549700D03C52 /* TabBarViewModel.swift */ = {isa = PBXFileReference; lastKnownFileType = sourcecode.swift; path = TabBarViewModel.swift; sourceTree = "<group>"; };
		8B99D14328DB54B100D03C52 /* TabBarAssembly.swift */ = {isa = PBXFileReference; lastKnownFileType = sourcecode.swift; path = TabBarAssembly.swift; sourceTree = "<group>"; };
		8B99D14528DB54C100D03C52 /* TabBarController.swift */ = {isa = PBXFileReference; lastKnownFileType = sourcecode.swift; path = TabBarController.swift; sourceTree = "<group>"; };
		8B99D14728DB54D300D03C52 /* TabBarPresenter.swift */ = {isa = PBXFileReference; lastKnownFileType = sourcecode.swift; path = TabBarPresenter.swift; sourceTree = "<group>"; };
		8B99D14928DB54E100D03C52 /* TabBarRouter.swift */ = {isa = PBXFileReference; lastKnownFileType = sourcecode.swift; path = TabBarRouter.swift; sourceTree = "<group>"; };
		8B99D14D28DC356A00D03C52 /* FlowCoordinator.swift */ = {isa = PBXFileReference; lastKnownFileType = sourcecode.swift; path = FlowCoordinator.swift; sourceTree = "<group>"; };
		8BCB6B8A28D4570C00127270 /* TestProjectTwo.app */ = {isa = PBXFileReference; explicitFileType = wrapper.application; includeInIndex = 0; path = TestProjectTwo.app; sourceTree = BUILT_PRODUCTS_DIR; };
		8BCB6B8D28D4570C00127270 /* AppDelegate.swift */ = {isa = PBXFileReference; lastKnownFileType = sourcecode.swift; path = AppDelegate.swift; sourceTree = "<group>"; };
		8BCB6B8F28D4570C00127270 /* SceneDelegate.swift */ = {isa = PBXFileReference; lastKnownFileType = sourcecode.swift; path = SceneDelegate.swift; sourceTree = "<group>"; };
		8BCB6B9728D4570C00127270 /* TestProjectTwo.xcdatamodel */ = {isa = PBXFileReference; lastKnownFileType = wrapper.xcdatamodel; path = TestProjectTwo.xcdatamodel; sourceTree = "<group>"; };
		8BCB6B9928D4570E00127270 /* Assets.xcassets */ = {isa = PBXFileReference; lastKnownFileType = folder.assetcatalog; path = Assets.xcassets; sourceTree = "<group>"; };
		8BCB6B9C28D4570E00127270 /* Base */ = {isa = PBXFileReference; lastKnownFileType = file.storyboard; name = Base; path = Base.lproj/LaunchScreen.storyboard; sourceTree = "<group>"; };
		8BCB6B9E28D4570E00127270 /* Info.plist */ = {isa = PBXFileReference; lastKnownFileType = text.plist.xml; path = Info.plist; sourceTree = "<group>"; };
		8BFF255728DDB22400AD5CE3 /* DeteiFavoritesFactory.swift */ = {isa = PBXFileReference; lastKnownFileType = sourcecode.swift; path = DeteiFavoritesFactory.swift; sourceTree = "<group>"; };
		8BFF255A28DDB25600AD5CE3 /* DeteilFavoritesViewModel.swift */ = {isa = PBXFileReference; lastKnownFileType = sourcecode.swift; path = DeteilFavoritesViewModel.swift; sourceTree = "<group>"; };
		8BFF255C28DDB27E00AD5CE3 /* DeteilFavoritesAssembly.swift */ = {isa = PBXFileReference; lastKnownFileType = sourcecode.swift; path = DeteilFavoritesAssembly.swift; sourceTree = "<group>"; };
		8BFF255E28DDB2A400AD5CE3 /* DeteilFavoritesPresenter.swift */ = {isa = PBXFileReference; lastKnownFileType = sourcecode.swift; path = DeteilFavoritesPresenter.swift; sourceTree = "<group>"; };
		8BFF256028DDB2CB00AD5CE3 /* DeteilFavoritesRouter.swift */ = {isa = PBXFileReference; lastKnownFileType = sourcecode.swift; path = DeteilFavoritesRouter.swift; sourceTree = "<group>"; };
		8BFF256228DDB2EA00AD5CE3 /* DeteilFavoritesViewController.swift */ = {isa = PBXFileReference; lastKnownFileType = sourcecode.swift; path = DeteilFavoritesViewController.swift; sourceTree = "<group>"; };
		C80DFD3A0676EACD390C5926 /* Pods-TestProjectTwo.debug.xcconfig */ = {isa = PBXFileReference; includeInIndex = 1; lastKnownFileType = text.xcconfig; name = "Pods-TestProjectTwo.debug.xcconfig"; path = "Target Support Files/Pods-TestProjectTwo/Pods-TestProjectTwo.debug.xcconfig"; sourceTree = "<group>"; };
/* End PBXFileReference section */

/* Begin PBXFrameworksBuildPhase section */
		8BCB6B8728D4570C00127270 /* Frameworks */ = {
			isa = PBXFrameworksBuildPhase;
			buildActionMask = 2147483647;
			files = (
				EB35DD08BF064A610B448E3A /* Pods_TestProjectTwo.framework in Frameworks */,
			);
			runOnlyForDeploymentPostprocessing = 0;
		};
/* End PBXFrameworksBuildPhase section */

/* Begin PBXGroup section */
		8B0BB70328DC4C3B009D936E /* DeteilMostPopular */ = {
			isa = PBXGroup;
			children = (
				8B0BB70428DC4CA8009D936E /* Factories */,
				8B0BB70528DC4CB4009D936E /* ViewModels */,
				8B0BB70A28DC4D11009D936E /* DeteilMostPopularAssembly.swift */,
				8B0BB70C28DC4D24009D936E /* DeteilMostPopularPresenter.swift */,
				8B0BB70E28DC4D3A009D936E /* DeteilMostPopularRouter.swift */,
				8B0BB71028DC4D4E009D936E /* DeteilMostPopularViewController.swift */,
			);
			path = DeteilMostPopular;
			sourceTree = "<group>";
		};
		8B0BB70428DC4CA8009D936E /* Factories */ = {
			isa = PBXGroup;
			children = (
				8B0BB70628DC4CDC009D936E /* DeteilMostPopularFactory.swift */,
			);
			path = Factories;
			sourceTree = "<group>";
		};
		8B0BB70528DC4CB4009D936E /* ViewModels */ = {
			isa = PBXGroup;
			children = (
				8B0BB70828DC4CF9009D936E /* DeteilMostPopularViewModel.swift */,
			);
			path = ViewModels;
			sourceTree = "<group>";
		};
		8B4B744F28D996DF002B1C49 /* TableCells */ = {
			isa = PBXGroup;
			children = (
				8B4B745028D99707002B1C49 /* ArticlesTableViewCell.swift */,
			);
			path = TableCells;
			sourceTree = "<group>";
		};
		8B4B745228D9A5A4002B1C49 /* Alert */ = {
			isa = PBXGroup;
			children = (
				8B4B745328D9A5B2002B1C49 /* AlertError.swift */,
			);
			path = Alert;
			sourceTree = "<group>";
		};
		8B70864C28D4576E00FDA74F /* CoreData */ = {
			isa = PBXGroup;
			children = (
				8BCB6B9628D4570C00127270 /* TestProjectTwo.xcdatamodeld */,
				8B99D13728DB16BF00D03C52 /* WorkCoreDate.swift */,
			);
			path = CoreData;
			sourceTree = "<group>";
		};
		8B70864D28D4577E00FDA74F /* UI */ = {
			isa = PBXGroup;
			children = (
				8B99D13928DB523100D03C52 /* TabBar */,
				8B70866228D46B2E00FDA74F /* Common */,
				8B70865228D466A900FDA74F /* Start */,
				8B7EF37028D8A056007D558C /* MostPopular */,
				8B7EF37528D8AAE0007D558C /* Favorites */,
				8B0BB70328DC4C3B009D936E /* DeteilMostPopular */,
				8BFF255528DDB1D700AD5CE3 /* DeteilFavorites */,
			);
			path = UI;
			sourceTree = "<group>";
		};
		8B70865228D466A900FDA74F /* Start */ = {
			isa = PBXGroup;
			children = (
				8B70865328D466E600FDA74F /* Factories */,
				8B70865928D4672F00FDA74F /* ViewModels */,
				8B70865A28D4674500FDA74F /* StartAssembly.swift */,
				8B70865C28D4675100FDA74F /* StartPresenter.swift */,
				8B70865E28D4675F00FDA74F /* StartRouter.swift */,
				8B70866028D4676D00FDA74F /* StartViewController.swift */,
			);
			path = Start;
			sourceTree = "<group>";
		};
		8B70865328D466E600FDA74F /* Factories */ = {
			isa = PBXGroup;
			children = (
				8B70865028D4668F00FDA74F /* StartViewModelFactory.swift */,
			);
			path = Factories;
			sourceTree = "<group>";
		};
		8B70865928D4672F00FDA74F /* ViewModels */ = {
			isa = PBXGroup;
			children = (
				8B70865628D4671400FDA74F /* StartViewModel.swift */,
			);
			path = ViewModels;
			sourceTree = "<group>";
		};
		8B70866228D46B2E00FDA74F /* Common */ = {
			isa = PBXGroup;
			children = (
				8B4B745228D9A5A4002B1C49 /* Alert */,
				8B70866328D46BAA00FDA74F /* Extensions */,
			);
			path = Common;
			sourceTree = "<group>";
		};
		8B70866328D46BAA00FDA74F /* Extensions */ = {
			isa = PBXGroup;
			children = (
				8B5C2A0B28D8687300F01BEE /* UIButton+Action.swift */,
				8B70866428D46BD000FDA74F /* UIButton+Setup.swift */,
			);
			path = Extensions;
			sourceTree = "<group>";
		};
		8B7EF37028D8A056007D558C /* MostPopular */ = {
			isa = PBXGroup;
			children = (
				8B7EF38428D8AF7E007D558C /* Factories */,
				8B7EF38528D8AF9F007D558C /* ViewModels */,
				8B4B744F28D996DF002B1C49 /* TableCells */,
				8B7EF37328D8A3FA007D558C /* MostPopularAssembly.swift */,
				8B7EF38A28D8B059007D558C /* MostPopularPresenter.swift */,
				8B7EF38C28D8B082007D558C /* MostPopularRouter.swift */,
				8B7EF37128D8A0AD007D558C /* MostPopularViewController.swift */,
			);
			path = MostPopular;
			sourceTree = "<group>";
		};
		8B7EF37528D8AAE0007D558C /* Favorites */ = {
			isa = PBXGroup;
			children = (
				8B7EF37628D8AB3A007D558C /* Factories */,
				8B7EF37728D8AB6B007D558C /* ViewModels */,
				8B99D13428DAF2CB00D03C52 /* TableCells */,
				8B7EF37C28D8ABD5007D558C /* FavoritesAssembly.swift */,
				8B7EF37E28D8ABE8007D558C /* FavoritesPresenter.swift */,
				8B7EF38028D8AC25007D558C /* FavoritesRouter.swift */,
				8B7EF38228D8AC36007D558C /* FavoritesViewController.swift */,
			);
			path = Favorites;
			sourceTree = "<group>";
		};
		8B7EF37628D8AB3A007D558C /* Factories */ = {
			isa = PBXGroup;
			children = (
				8B7EF37828D8AB9C007D558C /* FavoritesViewModelFactory.swift */,
			);
			path = Factories;
			sourceTree = "<group>";
		};
		8B7EF37728D8AB6B007D558C /* ViewModels */ = {
			isa = PBXGroup;
			children = (
				8B7EF37A28D8ABB2007D558C /* FavoritesViewModel.swift */,
			);
			path = ViewModels;
			sourceTree = "<group>";
		};
		8B7EF38428D8AF7E007D558C /* Factories */ = {
			isa = PBXGroup;
			children = (
				8B7EF38628D8B01B007D558C /* MostPopularViewModelFactory.swift */,
			);
			path = Factories;
			sourceTree = "<group>";
		};
		8B7EF38528D8AF9F007D558C /* ViewModels */ = {
			isa = PBXGroup;
			children = (
				8B7EF38828D8B033007D558C /* MostPopularViewModel.swift */,
			);
			path = ViewModels;
			sourceTree = "<group>";
		};
		8B7EF38E28D8B14A007D558C /* Network */ = {
			isa = PBXGroup;
			children = (
				8B7EF38F28D8B164007D558C /* Models */,
				8B7EF39228D8B1E0007D558C /* NetworkRequest.swift */,
				8B7EF39428D8B20D007D558C /* NetworkDataFetch.swift */,
			);
			path = Network;
			sourceTree = "<group>";
		};
		8B7EF38F28D8B164007D558C /* Models */ = {
			isa = PBXGroup;
			children = (
				8B7EF39028D8B189007D558C /* ArticlesModel.swift */,
			);
			path = Models;
			sourceTree = "<group>";
		};
		8B7EF39628D8B274007D558C /* Resources */ = {
			isa = PBXGroup;
			children = (
				8BCB6B9928D4570E00127270 /* Assets.xcassets */,
			);
			path = Resources;
			sourceTree = "<group>";
		};
		8B99D13428DAF2CB00D03C52 /* TableCells */ = {
			isa = PBXGroup;
			children = (
				8B99D13528DAF30500D03C52 /* FavoritesTableViewCell.swift */,
			);
			path = TableCells;
			sourceTree = "<group>";
		};
		8B99D13928DB523100D03C52 /* TabBar */ = {
			isa = PBXGroup;
			children = (
				8B99D13A28DB53E200D03C52 /* Resolvers */,
				8B99D13D28DB53F400D03C52 /* TabBarViewModelFactory */,
				8B99D13E28DB541500D03C52 /* ViewModels */,
				8B99D14328DB54B100D03C52 /* TabBarAssembly.swift */,
				8B99D14528DB54C100D03C52 /* TabBarController.swift */,
				8B99D14728DB54D300D03C52 /* TabBarPresenter.swift */,
				8B99D14928DB54E100D03C52 /* TabBarRouter.swift */,
			);
			path = TabBar;
			sourceTree = "<group>";
		};
		8B99D13A28DB53E200D03C52 /* Resolvers */ = {
			isa = PBXGroup;
			children = (
				8B99D13B28DB53F000D03C52 /* TabBarViewControllersResolver.swift */,
			);
			path = Resolvers;
			sourceTree = "<group>";
		};
		8B99D13D28DB53F400D03C52 /* TabBarViewModelFactory */ = {
			isa = PBXGroup;
			children = (
				8B99D13F28DB544200D03C52 /* TabBarViewModelFactory.swift */,
			);
			path = TabBarViewModelFactory;
			sourceTree = "<group>";
		};
		8B99D13E28DB541500D03C52 /* ViewModels */ = {
			isa = PBXGroup;
			children = (
				8B99D14128DB549700D03C52 /* TabBarViewModel.swift */,
			);
			path = ViewModels;
			sourceTree = "<group>";
		};
		8B99D14B28DC352F00D03C52 /* Services */ = {
			isa = PBXGroup;
			children = (
				8B99D14C28DC355200D03C52 /* FlowCoordinator */,
			);
			path = Services;
			sourceTree = "<group>";
		};
		8B99D14C28DC355200D03C52 /* FlowCoordinator */ = {
			isa = PBXGroup;
			children = (
				8B99D14D28DC356A00D03C52 /* FlowCoordinator.swift */,
			);
			path = FlowCoordinator;
			sourceTree = "<group>";
		};
		8BCB6B8128D4570C00127270 = {
			isa = PBXGroup;
			children = (
				8BCB6B8C28D4570C00127270 /* TestProjectTwo */,
				D6DD30EA44650CA0EC45081E /* Pods */,
				EAB43DE14C7D820268960928 /* Frameworks */,
			);
			sourceTree = "<group>";
		};
		8BCB6B8B28D4570C00127270 /* Products */ = {
			isa = PBXGroup;
			children = (
				8BCB6B8A28D4570C00127270 /* TestProjectTwo.app */,
			);
			name = Products;
			path = ..;
			sourceTree = "<group>";
		};
		8BCB6B8C28D4570C00127270 /* TestProjectTwo */ = {
			isa = PBXGroup;
			children = (
				8BCB6B8D28D4570C00127270 /* AppDelegate.swift */,
				8BCB6B8F28D4570C00127270 /* SceneDelegate.swift */,
				8B7EF38E28D8B14A007D558C /* Network */,
				8B7EF39628D8B274007D558C /* Resources */,
				8B99D14B28DC352F00D03C52 /* Services */,
				8B70864D28D4577E00FDA74F /* UI */,
				8BCB6B8B28D4570C00127270 /* Products */,
				8B70864C28D4576E00FDA74F /* CoreData */,
				8BCB6B9B28D4570E00127270 /* LaunchScreen.storyboard */,
				8BCB6B9E28D4570E00127270 /* Info.plist */,
			);
			path = TestProjectTwo;
			sourceTree = "<group>";
		};
		8BFF255528DDB1D700AD5CE3 /* DeteilFavorites */ = {
			isa = PBXGroup;
			children = (
				8BFF255628DDB1FC00AD5CE3 /* Factories */,
				8BFF255928DDB22A00AD5CE3 /* ViewModels */,
				8BFF255C28DDB27E00AD5CE3 /* DeteilFavoritesAssembly.swift */,
				8BFF255E28DDB2A400AD5CE3 /* DeteilFavoritesPresenter.swift */,
				8BFF256028DDB2CB00AD5CE3 /* DeteilFavoritesRouter.swift */,
				8BFF256228DDB2EA00AD5CE3 /* DeteilFavoritesViewController.swift */,
			);
			path = DeteilFavorites;
			sourceTree = "<group>";
		};
		8BFF255628DDB1FC00AD5CE3 /* Factories */ = {
			isa = PBXGroup;
			children = (
				8BFF255728DDB22400AD5CE3 /* DeteiFavoritesFactory.swift */,
			);
			path = Factories;
			sourceTree = "<group>";
		};
		8BFF255928DDB22A00AD5CE3 /* ViewModels */ = {
			isa = PBXGroup;
			children = (
				8BFF255A28DDB25600AD5CE3 /* DeteilFavoritesViewModel.swift */,
			);
			path = ViewModels;
			sourceTree = "<group>";
		};
		D6DD30EA44650CA0EC45081E /* Pods */ = {
			isa = PBXGroup;
			children = (
				C80DFD3A0676EACD390C5926 /* Pods-TestProjectTwo.debug.xcconfig */,
				04C3C79BDCB9C276FC950279 /* Pods-TestProjectTwo.release.xcconfig */,
			);
			path = Pods;
			sourceTree = "<group>";
		};
		EAB43DE14C7D820268960928 /* Frameworks */ = {
			isa = PBXGroup;
			children = (
				06ADCDFDE2357BF09C5835DD /* Pods_TestProjectTwo.framework */,
			);
			name = Frameworks;
			sourceTree = "<group>";
		};
/* End PBXGroup section */

/* Begin PBXNativeTarget section */
		8BCB6B8928D4570C00127270 /* TestProjectTwo */ = {
			isa = PBXNativeTarget;
			buildConfigurationList = 8BCB6BA128D4570E00127270 /* Build configuration list for PBXNativeTarget "TestProjectTwo" */;
			buildPhases = (
				C1C63064C6199CF5A4DD65F2 /* [CP] Check Pods Manifest.lock */,
				8BCB6B8628D4570C00127270 /* Sources */,
				8BCB6B8728D4570C00127270 /* Frameworks */,
				8BCB6B8828D4570C00127270 /* Resources */,
				63B4FFCDD723ADD827B81C4D /* [CP] Embed Pods Frameworks */,
			);
			buildRules = (
			);
			dependencies = (
			);
			name = TestProjectTwo;
			productName = TestProjectTwo;
			productReference = 8BCB6B8A28D4570C00127270 /* TestProjectTwo.app */;
			productType = "com.apple.product-type.application";
		};
/* End PBXNativeTarget section */

/* Begin PBXProject section */
		8BCB6B8228D4570C00127270 /* Project object */ = {
			isa = PBXProject;
			attributes = {
				BuildIndependentTargetsInParallel = 1;
				LastSwiftUpdateCheck = 1340;
				LastUpgradeCheck = 1340;
				TargetAttributes = {
					8BCB6B8928D4570C00127270 = {
						CreatedOnToolsVersion = 13.4.1;
					};
				};
			};
			buildConfigurationList = 8BCB6B8528D4570C00127270 /* Build configuration list for PBXProject "TestProjectTwo" */;
			compatibilityVersion = "Xcode 13.0";
			developmentRegion = en;
			hasScannedForEncodings = 0;
			knownRegions = (
				en,
				Base,
			);
			mainGroup = 8BCB6B8128D4570C00127270;
			productRefGroup = 8BCB6B8B28D4570C00127270 /* Products */;
			projectDirPath = "";
			projectRoot = "";
			targets = (
				8BCB6B8928D4570C00127270 /* TestProjectTwo */,
			);
		};
/* End PBXProject section */

/* Begin PBXResourcesBuildPhase section */
		8BCB6B8828D4570C00127270 /* Resources */ = {
			isa = PBXResourcesBuildPhase;
			buildActionMask = 2147483647;
			files = (
				8BCB6B9D28D4570E00127270 /* LaunchScreen.storyboard in Resources */,
				8BCB6B9A28D4570E00127270 /* Assets.xcassets in Resources */,
			);
			runOnlyForDeploymentPostprocessing = 0;
		};
/* End PBXResourcesBuildPhase section */

/* Begin PBXShellScriptBuildPhase section */
		63B4FFCDD723ADD827B81C4D /* [CP] Embed Pods Frameworks */ = {
			isa = PBXShellScriptBuildPhase;
			buildActionMask = 2147483647;
			files = (
			);
			inputFileListPaths = (
				"${PODS_ROOT}/Target Support Files/Pods-TestProjectTwo/Pods-TestProjectTwo-frameworks-${CONFIGURATION}-input-files.xcfilelist",
			);
			name = "[CP] Embed Pods Frameworks";
			outputFileListPaths = (
				"${PODS_ROOT}/Target Support Files/Pods-TestProjectTwo/Pods-TestProjectTwo-frameworks-${CONFIGURATION}-output-files.xcfilelist",
			);
			runOnlyForDeploymentPostprocessing = 0;
			shellPath = /bin/sh;
			shellScript = "\"${PODS_ROOT}/Target Support Files/Pods-TestProjectTwo/Pods-TestProjectTwo-frameworks.sh\"\n";
			showEnvVarsInLog = 0;
		};
		C1C63064C6199CF5A4DD65F2 /* [CP] Check Pods Manifest.lock */ = {
			isa = PBXShellScriptBuildPhase;
			buildActionMask = 2147483647;
			files = (
			);
			inputFileListPaths = (
			);
			inputPaths = (
				"${PODS_PODFILE_DIR_PATH}/Podfile.lock",
				"${PODS_ROOT}/Manifest.lock",
			);
			name = "[CP] Check Pods Manifest.lock";
			outputFileListPaths = (
			);
			outputPaths = (
				"$(DERIVED_FILE_DIR)/Pods-TestProjectTwo-checkManifestLockResult.txt",
			);
			runOnlyForDeploymentPostprocessing = 0;
			shellPath = /bin/sh;
			shellScript = "diff \"${PODS_PODFILE_DIR_PATH}/Podfile.lock\" \"${PODS_ROOT}/Manifest.lock\" > /dev/null\nif [ $? != 0 ] ; then\n    # print error to STDERR\n    echo \"error: The sandbox is not in sync with the Podfile.lock. Run 'pod install' or update your CocoaPods installation.\" >&2\n    exit 1\nfi\n# This output is used by Xcode 'outputs' to avoid re-running this script phase.\necho \"SUCCESS\" > \"${SCRIPT_OUTPUT_FILE_0}\"\n";
			showEnvVarsInLog = 0;
		};
/* End PBXShellScriptBuildPhase section */

/* Begin PBXSourcesBuildPhase section */
		8BCB6B8628D4570C00127270 /* Sources */ = {
			isa = PBXSourcesBuildPhase;
			buildActionMask = 2147483647;
			files = (
				8B0BB70928DC4CF9009D936E /* DeteilMostPopularViewModel.swift in Sources */,
				8B0BB70728DC4CDC009D936E /* DeteilMostPopularFactory.swift in Sources */,
				8B7EF38128D8AC25007D558C /* FavoritesRouter.swift in Sources */,
				8B7EF37B28D8ABB2007D558C /* FavoritesViewModel.swift in Sources */,
				8B7EF37F28D8ABE8007D558C /* FavoritesPresenter.swift in Sources */,
				8B70865728D4671400FDA74F /* StartViewModel.swift in Sources */,
				8B70865128D4668F00FDA74F /* StartViewModelFactory.swift in Sources */,
				8B7EF38928D8B033007D558C /* MostPopularViewModel.swift in Sources */,
				8B70865B28D4674500FDA74F /* StartAssembly.swift in Sources */,
				8B99D14A28DB54E100D03C52 /* TabBarRouter.swift in Sources */,
				8BFF255D28DDB27E00AD5CE3 /* DeteilFavoritesAssembly.swift in Sources */,
				8B99D14028DB544200D03C52 /* TabBarViewModelFactory.swift in Sources */,
				8B0BB70F28DC4D3A009D936E /* DeteilMostPopularRouter.swift in Sources */,
				8B99D14828DB54D300D03C52 /* TabBarPresenter.swift in Sources */,
				8B7EF39528D8B20D007D558C /* NetworkDataFetch.swift in Sources */,
				8B70865F28D4675F00FDA74F /* StartRouter.swift in Sources */,
				8BFF255B28DDB25600AD5CE3 /* DeteilFavoritesViewModel.swift in Sources */,
				8B4B745428D9A5B2002B1C49 /* AlertError.swift in Sources */,
				8B7EF37D28D8ABD5007D558C /* FavoritesAssembly.swift in Sources */,
				8B99D13828DB16BF00D03C52 /* WorkCoreDate.swift in Sources */,
				8B99D14428DB54B100D03C52 /* TabBarAssembly.swift in Sources */,
				8B99D13C28DB53F000D03C52 /* TabBarViewControllersResolver.swift in Sources */,
				8BFF255828DDB22400AD5CE3 /* DeteiFavoritesFactory.swift in Sources */,
				8B0BB71128DC4D4E009D936E /* DeteilMostPopularViewController.swift in Sources */,
				8B70865D28D4675100FDA74F /* StartPresenter.swift in Sources */,
				8B7EF37428D8A3FA007D558C /* MostPopularAssembly.swift in Sources */,
				8B7EF38328D8AC36007D558C /* FavoritesViewController.swift in Sources */,
				8B99D14628DB54C100D03C52 /* TabBarController.swift in Sources */,
				8B5C2A0C28D8687300F01BEE /* UIButton+Action.swift in Sources */,
				8B7EF37928D8AB9C007D558C /* FavoritesViewModelFactory.swift in Sources */,
				8B7EF39128D8B189007D558C /* ArticlesModel.swift in Sources */,
				8B0BB70D28DC4D24009D936E /* DeteilMostPopularPresenter.swift in Sources */,
				8B70866128D4676D00FDA74F /* StartViewController.swift in Sources */,
				8BCB6B9828D4570C00127270 /* TestProjectTwo.xcdatamodeld in Sources */,
				8B99D14E28DC356A00D03C52 /* FlowCoordinator.swift in Sources */,
				8B99D13628DAF30500D03C52 /* FavoritesTableViewCell.swift in Sources */,
				8BCB6B8E28D4570C00127270 /* AppDelegate.swift in Sources */,
				8B4B745128D99707002B1C49 /* ArticlesTableViewCell.swift in Sources */,
				8BFF256128DDB2CB00AD5CE3 /* DeteilFavoritesRouter.swift in Sources */,
				8B0BB70B28DC4D12009D936E /* DeteilMostPopularAssembly.swift in Sources */,
				8BCB6B9028D4570C00127270 /* SceneDelegate.swift in Sources */,
				8B70866528D46BD000FDA74F /* UIButton+Setup.swift in Sources */,
				8B7EF38B28D8B059007D558C /* MostPopularPresenter.swift in Sources */,
				8BFF256328DDB2EA00AD5CE3 /* DeteilFavoritesViewController.swift in Sources */,
				8B7EF38728D8B01B007D558C /* MostPopularViewModelFactory.swift in Sources */,
				8BFF255F28DDB2A400AD5CE3 /* DeteilFavoritesPresenter.swift in Sources */,
				8B7EF38D28D8B082007D558C /* MostPopularRouter.swift in Sources */,
				8B7EF37228D8A0AD007D558C /* MostPopularViewController.swift in Sources */,
				8B99D14228DB549700D03C52 /* TabBarViewModel.swift in Sources */,
				8B7EF39328D8B1E0007D558C /* NetworkRequest.swift in Sources */,
			);
			runOnlyForDeploymentPostprocessing = 0;
		};
/* End PBXSourcesBuildPhase section */

/* Begin PBXVariantGroup section */
		8BCB6B9B28D4570E00127270 /* LaunchScreen.storyboard */ = {
			isa = PBXVariantGroup;
			children = (
				8BCB6B9C28D4570E00127270 /* Base */,
			);
			name = LaunchScreen.storyboard;
			sourceTree = "<group>";
		};
/* End PBXVariantGroup section */

/* Begin XCBuildConfiguration section */
		8BCB6B9F28D4570E00127270 /* Debug */ = {
			isa = XCBuildConfiguration;
			buildSettings = {
				ALWAYS_SEARCH_USER_PATHS = NO;
				CLANG_ANALYZER_NONNULL = YES;
				CLANG_ANALYZER_NUMBER_OBJECT_CONVERSION = YES_AGGRESSIVE;
				CLANG_CXX_LANGUAGE_STANDARD = "gnu++17";
				CLANG_ENABLE_MODULES = YES;
				CLANG_ENABLE_OBJC_ARC = YES;
				CLANG_ENABLE_OBJC_WEAK = YES;
				CLANG_WARN_BLOCK_CAPTURE_AUTORELEASING = YES;
				CLANG_WARN_BOOL_CONVERSION = YES;
				CLANG_WARN_COMMA = YES;
				CLANG_WARN_CONSTANT_CONVERSION = YES;
				CLANG_WARN_DEPRECATED_OBJC_IMPLEMENTATIONS = YES;
				CLANG_WARN_DIRECT_OBJC_ISA_USAGE = YES_ERROR;
				CLANG_WARN_DOCUMENTATION_COMMENTS = YES;
				CLANG_WARN_EMPTY_BODY = YES;
				CLANG_WARN_ENUM_CONVERSION = YES;
				CLANG_WARN_INFINITE_RECURSION = YES;
				CLANG_WARN_INT_CONVERSION = YES;
				CLANG_WARN_NON_LITERAL_NULL_CONVERSION = YES;
				CLANG_WARN_OBJC_IMPLICIT_RETAIN_SELF = YES;
				CLANG_WARN_OBJC_LITERAL_CONVERSION = YES;
				CLANG_WARN_OBJC_ROOT_CLASS = YES_ERROR;
				CLANG_WARN_QUOTED_INCLUDE_IN_FRAMEWORK_HEADER = YES;
				CLANG_WARN_RANGE_LOOP_ANALYSIS = YES;
				CLANG_WARN_STRICT_PROTOTYPES = YES;
				CLANG_WARN_SUSPICIOUS_MOVE = YES;
				CLANG_WARN_UNGUARDED_AVAILABILITY = YES_AGGRESSIVE;
				CLANG_WARN_UNREACHABLE_CODE = YES;
				CLANG_WARN__DUPLICATE_METHOD_MATCH = YES;
				COPY_PHASE_STRIP = NO;
				DEBUG_INFORMATION_FORMAT = dwarf;
				ENABLE_STRICT_OBJC_MSGSEND = YES;
				ENABLE_TESTABILITY = YES;
				GCC_C_LANGUAGE_STANDARD = gnu11;
				GCC_DYNAMIC_NO_PIC = NO;
				GCC_NO_COMMON_BLOCKS = YES;
				GCC_OPTIMIZATION_LEVEL = 0;
				GCC_PREPROCESSOR_DEFINITIONS = (
					"DEBUG=1",
					"$(inherited)",
				);
				GCC_WARN_64_TO_32_BIT_CONVERSION = YES;
				GCC_WARN_ABOUT_RETURN_TYPE = YES_ERROR;
				GCC_WARN_UNDECLARED_SELECTOR = YES;
				GCC_WARN_UNINITIALIZED_AUTOS = YES_AGGRESSIVE;
				GCC_WARN_UNUSED_FUNCTION = YES;
				GCC_WARN_UNUSED_VARIABLE = YES;
				IPHONEOS_DEPLOYMENT_TARGET = 15.5;
				MTL_ENABLE_DEBUG_INFO = INCLUDE_SOURCE;
				MTL_FAST_MATH = YES;
				ONLY_ACTIVE_ARCH = YES;
				SDKROOT = iphoneos;
				SWIFT_ACTIVE_COMPILATION_CONDITIONS = DEBUG;
				SWIFT_OPTIMIZATION_LEVEL = "-Onone";
			};
			name = Debug;
		};
		8BCB6BA028D4570E00127270 /* Release */ = {
			isa = XCBuildConfiguration;
			buildSettings = {
				ALWAYS_SEARCH_USER_PATHS = NO;
				CLANG_ANALYZER_NONNULL = YES;
				CLANG_ANALYZER_NUMBER_OBJECT_CONVERSION = YES_AGGRESSIVE;
				CLANG_CXX_LANGUAGE_STANDARD = "gnu++17";
				CLANG_ENABLE_MODULES = YES;
				CLANG_ENABLE_OBJC_ARC = YES;
				CLANG_ENABLE_OBJC_WEAK = YES;
				CLANG_WARN_BLOCK_CAPTURE_AUTORELEASING = YES;
				CLANG_WARN_BOOL_CONVERSION = YES;
				CLANG_WARN_COMMA = YES;
				CLANG_WARN_CONSTANT_CONVERSION = YES;
				CLANG_WARN_DEPRECATED_OBJC_IMPLEMENTATIONS = YES;
				CLANG_WARN_DIRECT_OBJC_ISA_USAGE = YES_ERROR;
				CLANG_WARN_DOCUMENTATION_COMMENTS = YES;
				CLANG_WARN_EMPTY_BODY = YES;
				CLANG_WARN_ENUM_CONVERSION = YES;
				CLANG_WARN_INFINITE_RECURSION = YES;
				CLANG_WARN_INT_CONVERSION = YES;
				CLANG_WARN_NON_LITERAL_NULL_CONVERSION = YES;
				CLANG_WARN_OBJC_IMPLICIT_RETAIN_SELF = YES;
				CLANG_WARN_OBJC_LITERAL_CONVERSION = YES;
				CLANG_WARN_OBJC_ROOT_CLASS = YES_ERROR;
				CLANG_WARN_QUOTED_INCLUDE_IN_FRAMEWORK_HEADER = YES;
				CLANG_WARN_RANGE_LOOP_ANALYSIS = YES;
				CLANG_WARN_STRICT_PROTOTYPES = YES;
				CLANG_WARN_SUSPICIOUS_MOVE = YES;
				CLANG_WARN_UNGUARDED_AVAILABILITY = YES_AGGRESSIVE;
				CLANG_WARN_UNREACHABLE_CODE = YES;
				CLANG_WARN__DUPLICATE_METHOD_MATCH = YES;
				COPY_PHASE_STRIP = NO;
				DEBUG_INFORMATION_FORMAT = "dwarf-with-dsym";
				ENABLE_NS_ASSERTIONS = NO;
				ENABLE_STRICT_OBJC_MSGSEND = YES;
				GCC_C_LANGUAGE_STANDARD = gnu11;
				GCC_NO_COMMON_BLOCKS = YES;
				GCC_WARN_64_TO_32_BIT_CONVERSION = YES;
				GCC_WARN_ABOUT_RETURN_TYPE = YES_ERROR;
				GCC_WARN_UNDECLARED_SELECTOR = YES;
				GCC_WARN_UNINITIALIZED_AUTOS = YES_AGGRESSIVE;
				GCC_WARN_UNUSED_FUNCTION = YES;
				GCC_WARN_UNUSED_VARIABLE = YES;
				IPHONEOS_DEPLOYMENT_TARGET = 15.5;
				MTL_ENABLE_DEBUG_INFO = NO;
				MTL_FAST_MATH = YES;
				SDKROOT = iphoneos;
				SWIFT_COMPILATION_MODE = wholemodule;
				SWIFT_OPTIMIZATION_LEVEL = "-O";
				VALIDATE_PRODUCT = YES;
			};
			name = Release;
		};
		8BCB6BA228D4570E00127270 /* Debug */ = {
			isa = XCBuildConfiguration;
			baseConfigurationReference = C80DFD3A0676EACD390C5926 /* Pods-TestProjectTwo.debug.xcconfig */;
			buildSettings = {
				ASSETCATALOG_COMPILER_APPICON_NAME = AppIcon;
				ASSETCATALOG_COMPILER_GLOBAL_ACCENT_COLOR_NAME = AccentColor;
				CODE_SIGN_STYLE = Automatic;
				CURRENT_PROJECT_VERSION = 1;
				GENERATE_INFOPLIST_FILE = YES;
				INFOPLIST_FILE = TestProjectTwo/Info.plist;
				INFOPLIST_KEY_UIApplicationSupportsIndirectInputEvents = YES;
				INFOPLIST_KEY_UILaunchStoryboardName = LaunchScreen;
				INFOPLIST_KEY_UISupportedInterfaceOrientations = UIInterfaceOrientationPortrait;
				INFOPLIST_KEY_UISupportedInterfaceOrientations_iPad = "UIInterfaceOrientationLandscapeLeft UIInterfaceOrientationLandscapeRight UIInterfaceOrientationPortrait UIInterfaceOrientationPortraitUpsideDown";
				LD_RUNPATH_SEARCH_PATHS = (
					"$(inherited)",
					"@executable_path/Frameworks",
				);
				MARKETING_VERSION = 1.0;
				PRODUCT_BUNDLE_IDENTIFIER = test.TestProjectTwo;
				PRODUCT_NAME = "$(TARGET_NAME)";
				SUPPORTED_PLATFORMS = "iphoneos iphonesimulator";
				SUPPORTS_MACCATALYST = NO;
				SUPPORTS_MAC_DESIGNED_FOR_IPHONE_IPAD = YES;
				SWIFT_EMIT_LOC_STRINGS = YES;
				SWIFT_VERSION = 5.0;
				TARGETED_DEVICE_FAMILY = "1,2";
			};
			name = Debug;
		};
		8BCB6BA328D4570E00127270 /* Release */ = {
			isa = XCBuildConfiguration;
			baseConfigurationReference = 04C3C79BDCB9C276FC950279 /* Pods-TestProjectTwo.release.xcconfig */;
			buildSettings = {
				ASSETCATALOG_COMPILER_APPICON_NAME = AppIcon;
				ASSETCATALOG_COMPILER_GLOBAL_ACCENT_COLOR_NAME = AccentColor;
				CODE_SIGN_STYLE = Automatic;
				CURRENT_PROJECT_VERSION = 1;
				GENERATE_INFOPLIST_FILE = YES;
				INFOPLIST_FILE = TestProjectTwo/Info.plist;
				INFOPLIST_KEY_UIApplicationSupportsIndirectInputEvents = YES;
				INFOPLIST_KEY_UILaunchStoryboardName = LaunchScreen;
				INFOPLIST_KEY_UISupportedInterfaceOrientations = UIInterfaceOrientationPortrait;
				INFOPLIST_KEY_UISupportedInterfaceOrientations_iPad = "UIInterfaceOrientationLandscapeLeft UIInterfaceOrientationLandscapeRight UIInterfaceOrientationPortrait UIInterfaceOrientationPortraitUpsideDown";
				LD_RUNPATH_SEARCH_PATHS = (
					"$(inherited)",
					"@executable_path/Frameworks",
				);
				MARKETING_VERSION = 1.0;
				PRODUCT_BUNDLE_IDENTIFIER = test.TestProjectTwo;
				PRODUCT_NAME = "$(TARGET_NAME)";
				SUPPORTED_PLATFORMS = "iphoneos iphonesimulator";
				SUPPORTS_MACCATALYST = NO;
				SUPPORTS_MAC_DESIGNED_FOR_IPHONE_IPAD = YES;
				SWIFT_EMIT_LOC_STRINGS = YES;
				SWIFT_VERSION = 5.0;
				TARGETED_DEVICE_FAMILY = "1,2";
			};
			name = Release;
		};
/* End XCBuildConfiguration section */

/* Begin XCConfigurationList section */
		8BCB6B8528D4570C00127270 /* Build configuration list for PBXProject "TestProjectTwo" */ = {
			isa = XCConfigurationList;
			buildConfigurations = (
				8BCB6B9F28D4570E00127270 /* Debug */,
				8BCB6BA028D4570E00127270 /* Release */,
			);
			defaultConfigurationIsVisible = 0;
			defaultConfigurationName = Release;
		};
		8BCB6BA128D4570E00127270 /* Build configuration list for PBXNativeTarget "TestProjectTwo" */ = {
			isa = XCConfigurationList;
			buildConfigurations = (
				8BCB6BA228D4570E00127270 /* Debug */,
				8BCB6BA328D4570E00127270 /* Release */,
			);
			defaultConfigurationIsVisible = 0;
			defaultConfigurationName = Release;
		};
/* End XCConfigurationList section */

/* Begin XCVersionGroup section */
		8BCB6B9628D4570C00127270 /* TestProjectTwo.xcdatamodeld */ = {
			isa = XCVersionGroup;
			children = (
				8BCB6B9728D4570C00127270 /* TestProjectTwo.xcdatamodel */,
			);
			currentVersion = 8BCB6B9728D4570C00127270 /* TestProjectTwo.xcdatamodel */;
			path = TestProjectTwo.xcdatamodeld;
			sourceTree = "<group>";
			versionGroupType = wrapper.xcdatamodel;
		};
/* End XCVersionGroup section */
	};
	rootObject = 8BCB6B8228D4570C00127270 /* Project object */;
}
